
Microsoft Visual Studio Solution File, Format Version 12.00
# Visual Studio Version 17
VisualStudioVersion = 17.1.31911.260
MinimumVisualStudioVersion = 10.0.40219.1
Project("{9A19103F-16F7-4668-BE54-9A1E7A4F7556}") = "CommandsService", "CommandsService.csproj", "{4B0D9A73-AC4F-48BE-9F4B-76F7A119EF51}"
EndProject
Global
	GlobalSection(SolutionConfigurationPlatforms) = preSolution
		Debug|Any CPU = Debug|Any CPU
		Release|Any CPU = Release|Any CPU
	EndGlobalSection
	GlobalSection(ProjectConfigurationPlatforms) = postSolution
		{4B0D9A73-AC4F-48BE-9F4B-76F7A119EF51}.Debug|Any CPU.ActiveCfg = Debug|Any CPU
		{4B0D9A73-AC4F-48BE-9F4B-76F7A119EF51}.Debug|Any CPU.Build.0 = Debug|Any CPU
		{4B0D9A73-AC4F-48BE-9F4B-76F7A119EF51}.Release|Any CPU.ActiveCfg = Release|Any CPU
		{4B0D9A73-AC4F-48BE-9F4B-76F7A119EF51}.Release|Any CPU.Build.0 = Release|Any CPU
	EndGlobalSection
	GlobalSection(SolutionProperties) = preSolution
		HideSolutionNode = FALSE
	EndGlobalSection
	GlobalSection(ExtensibilityGlobals) = postSolution
		SolutionGuid = {E8BF4ABF-B9A9-49A8-9201-16A635E04C2B}
	EndGlobalSection
EndGlobal
